// !$*UTF8*$!
{
	archiveVersion = 1;
	classes = {
	};
	objectVersion = 46;
	objects = {

/* Begin PBXBuildFile section */
		D917A8E81CC672E20087BC07 /* EDSM+CoreDataProperties.m in Sources */ = {isa = PBXBuildFile; fileRef = D917A8E51CC672E20087BC07 /* EDSM+CoreDataProperties.m */; };
		D917A8E91CC672E20087BC07 /* EDSM.m in Sources */ = {isa = PBXBuildFile; fileRef = D917A8E71CC672E20087BC07 /* EDSM.m */; };
		D91CAA321CD3F8920087BC07 /* SSKeychain.m in Sources */ = {isa = PBXBuildFile; fileRef = D91CAA311CD3F8920087BC07 /* SSKeychain.m */; };
		D91CAA731CD416F10087BC07 /* Note+CoreDataProperties.m in Sources */ = {isa = PBXBuildFile; fileRef = D91CAA701CD416F00087BC07 /* Note+CoreDataProperties.m */; };
		D91CAA741CD416F10087BC07 /* Note.m in Sources */ = {isa = PBXBuildFile; fileRef = D91CAA721CD416F10087BC07 /* Note.m */; };
		D920C9E71CCFA42D0087BC07 /* Distance+CoreDataProperties.m in Sources */ = {isa = PBXBuildFile; fileRef = D920C9E41CCFA42D0087BC07 /* Distance+CoreDataProperties.m */; };
		D920C9E81CCFA42D0087BC07 /* Distance.m in Sources */ = {isa = PBXBuildFile; fileRef = D920C9E61CCFA42D0087BC07 /* Distance.m */; };
		D92656621CDEB01F0087BC07 /* Sparkle.framework in Frameworks */ = {isa = PBXBuildFile; fileRef = D92656611CDEB01F0087BC07 /* Sparkle.framework */; };
		D92656641CDEB2750087BC07 /* Sparkle.framework in CopyFiles */ = {isa = PBXBuildFile; fileRef = D92656611CDEB01F0087BC07 /* Sparkle.framework */; settings = {ATTRIBUTES = (CodeSignOnCopy, RemoveHeadersOnCopy, ); }; };
		D92656661CDEB4CB0087BC07 /* dsa_pub.pem in Resources */ = {isa = PBXBuildFile; fileRef = D92656651CDEB4CB0087BC07 /* dsa_pub.pem */; };
		D92E57221CE493E00087BC07 /* NSURLConnection+Progress.m in Sources */ = {isa = PBXBuildFile; fileRef = D92E57211CE493E00087BC07 /* NSURLConnection+Progress.m */; };
		D92ED45D1CD811F00087BC07 /* SuggestedReferences.m in Sources */ = {isa = PBXBuildFile; fileRef = D92ED45C1CD811F00087BC07 /* SuggestedReferences.m */; };
		D92ED4601CD812D20087BC07 /* ReferencesSector.m in Sources */ = {isa = PBXBuildFile; fileRef = D92ED45F1CD812D20087BC07 /* ReferencesSector.m */; };
		D92ED4631CD819890087BC07 /* ReferenceSystem.m in Sources */ = {isa = PBXBuildFile; fileRef = D92ED4621CD819890087BC07 /* ReferenceSystem.m */; };
		D92ED4661CD81C820087BC07 /* SystemData.m in Sources */ = {isa = PBXBuildFile; fileRef = D92ED4651CD81C820087BC07 /* SystemData.m */; };
		D931908C1CDB56E50087BC07 /* VDKQueue.m in Sources */ = {isa = PBXBuildFile; fileRef = D931908B1CDB56E50087BC07 /* VDKQueue.m */; settings = {COMPILER_FLAGS = "-fno-objc-arc"; }; };
		D93514441CF5220A0087BC07 /* DeleteTableView.m in Sources */ = {isa = PBXBuildFile; fileRef = D93514431CF5220A0087BC07 /* DeleteTableView.m */; };
		D93F0F261D0855BC0087BC07 /* MapViewController.m in Sources */ = {isa = PBXBuildFile; fileRef = D93F0F241D0855BC0087BC07 /* MapViewController.m */; };
		D93F0F291D0856D30087BC07 /* MapKit.framework in Frameworks */ = {isa = PBXBuildFile; fileRef = D93F0F281D0856D30087BC07 /* MapKit.framework */; };
		D93F0F2C1D086CFA0087BC07 /* Galaxy_L_Grid.jpg in Resources */ = {isa = PBXBuildFile; fileRef = D93F0F2B1D086CFA0087BC07 /* Galaxy_L_Grid.jpg */; };
		D93F0F491D086DC10087BC07 /* CartographicOverlay.m in Sources */ = {isa = PBXBuildFile; fileRef = D93F0F461D086DC10087BC07 /* CartographicOverlay.m */; };
		D93F0F4A1D086DC10087BC07 /* CartographicOverlayRenderer.m in Sources */ = {isa = PBXBuildFile; fileRef = D93F0F481D086DC10087BC07 /* CartographicOverlayRenderer.m */; };
		D94DE2931CC4EA0E0087BC07 /* EDDiscovery.xcdatamodeld in Sources */ = {isa = PBXBuildFile; fileRef = D94DE2911CC4EA0E0087BC07 /* EDDiscovery.xcdatamodeld */; };
		D94DE2B41CC4FF320087BC07 /* CoreDataManager.m in Sources */ = {isa = PBXBuildFile; fileRef = D94DE2B31CC4FF320087BC07 /* CoreDataManager.m */; settings = {COMPILER_FLAGS = "-fno-objc-arc"; }; };
		D94DE2DF1CC5024D0087BC07 /* DBVersion+CoreDataProperties.m in Sources */ = {isa = PBXBuildFile; fileRef = D94DE2CE1CC5024D0087BC07 /* DBVersion+CoreDataProperties.m */; };
		D94DE2E01CC5024D0087BC07 /* DBVersion.m in Sources */ = {isa = PBXBuildFile; fileRef = D94DE2D01CC5024D0087BC07 /* DBVersion.m */; };
		D94DE2FB1CC5028B0087BC07 /* Image+CoreDataProperties.m in Sources */ = {isa = PBXBuildFile; fileRef = D94DE2EA1CC5028B0087BC07 /* Image+CoreDataProperties.m */; };
		D94DE2FC1CC5028B0087BC07 /* Image.m in Sources */ = {isa = PBXBuildFile; fileRef = D94DE2EC1CC5028B0087BC07 /* Image.m */; };
		D94DE2FD1CC5028B0087BC07 /* Jump+CoreDataProperties.m in Sources */ = {isa = PBXBuildFile; fileRef = D94DE2EE1CC5028B0087BC07 /* Jump+CoreDataProperties.m */; };
		D94DE2FE1CC5028B0087BC07 /* Jump.m in Sources */ = {isa = PBXBuildFile; fileRef = D94DE2F01CC5028B0087BC07 /* Jump.m */; };
		D94DE2FF1CC5028B0087BC07 /* System+CoreDataProperties.m in Sources */ = {isa = PBXBuildFile; fileRef = D94DE2F21CC5028B0087BC07 /* System+CoreDataProperties.m */; };
		D94DE3001CC5028B0087BC07 /* System.m in Sources */ = {isa = PBXBuildFile; fileRef = D94DE2F41CC5028B0087BC07 /* System.m */; };
		D94DE3061CC506990087BC07 /* NetLogParser.m in Sources */ = {isa = PBXBuildFile; fileRef = D94DE3051CC506990087BC07 /* NetLogParser.m */; };
		D94DE30A1CC509720087BC07 /* EventLogger.m in Sources */ = {isa = PBXBuildFile; fileRef = D94DE3091CC509720087BC07 /* EventLogger.m */; };
		D94DE30F1CC510D00087BC07 /* NetLogFile+CoreDataProperties.m in Sources */ = {isa = PBXBuildFile; fileRef = D94DE30C1CC510D00087BC07 /* NetLogFile+CoreDataProperties.m */; };
		D94DE3101CC510D00087BC07 /* NetLogFile.m in Sources */ = {isa = PBXBuildFile; fileRef = D94DE30E1CC510D00087BC07 /* NetLogFile.m */; };
		D952CAB81CD371BF0087BC07 /* Commander+CoreDataProperties.m in Sources */ = {isa = PBXBuildFile; fileRef = D952CAB51CD371BF0087BC07 /* Commander+CoreDataProperties.m */; };
		D952CAB91CD371BF0087BC07 /* Commander.m in Sources */ = {isa = PBXBuildFile; fileRef = D952CAB71CD371BF0087BC07 /* Commander.m */; };
		D95E150D1CC42DE40087BC07 /* HttpApiManager.m in Sources */ = {isa = PBXBuildFile; fileRef = D95E150C1CC42DE40087BC07 /* HttpApiManager.m */; };
		D95E15131CC42E620087BC07 /* EDSMConnection.m in Sources */ = {isa = PBXBuildFile; fileRef = D95E15121CC42E620087BC07 /* EDSMConnection.m */; };
		D960B6791CDFD5A80087BC07 /* LoadingViewController.m in Sources */ = {isa = PBXBuildFile; fileRef = D960B6781CDFD5A80087BC07 /* LoadingViewController.m */; };
		D971F72A1CDCDF030087BC07 /* Fabric.framework in Frameworks */ = {isa = PBXBuildFile; fileRef = D971F7281CDCDF030087BC07 /* Fabric.framework */; };
		D971F72B1CDCDF030087BC07 /* Crashlytics.framework in Frameworks */ = {isa = PBXBuildFile; fileRef = D971F7291CDCDF030087BC07 /* Crashlytics.framework */; };
		D9841CE31D08BDD30087BC07 /* MapAnnotation.m in Sources */ = {isa = PBXBuildFile; fileRef = D9841CE21D08BDD30087BC07 /* MapAnnotation.m */; };
		D9841CE61D08C3670087BC07 /* BlackTileOverlay.m in Sources */ = {isa = PBXBuildFile; fileRef = D9841CE51D08C3670087BC07 /* BlackTileOverlay.m */; };
		D9AC4C321CE1320D0087BC07 /* NSManagedObjectContext+Parenthood.m in Sources */ = {isa = PBXBuildFile; fileRef = D9AC4C311CE1320D0087BC07 /* NSManagedObjectContext+Parenthood.m */; };
		D9AE9B391D100CFD0087BC07 /* ScreenshotsViewController.m in Sources */ = {isa = PBXBuildFile; fileRef = D9AE9B381D100CFD0087BC07 /* ScreenshotsViewController.m */; };
		D9AE9B3E1D103D090087BC07 /* ScreenshotMonitor.m in Sources */ = {isa = PBXBuildFile; fileRef = D9AE9B3D1D103D090087BC07 /* ScreenshotMonitor.m */; };
		D9B5622B1CD787800087BC07 /* TrilaterationViewController.m in Sources */ = {isa = PBXBuildFile; fileRef = D9B5622A1CD787800087BC07 /* TrilaterationViewController.m */; };
		D9BAB5DD1CC0F7D80087BC07 /* AppDelegate.m in Sources */ = {isa = PBXBuildFile; fileRef = D9BAB5DC1CC0F7D80087BC07 /* AppDelegate.m */; };
		D9BAB5E01CC0F7D80087BC07 /* main.m in Sources */ = {isa = PBXBuildFile; fileRef = D9BAB5DF1CC0F7D80087BC07 /* main.m */; };
		D9BAB5E31CC0F7D80087BC07 /* TravelHistoryViewController.m in Sources */ = {isa = PBXBuildFile; fileRef = D9BAB5E21CC0F7D80087BC07 /* TravelHistoryViewController.m */; };
		D9BAB5E51CC0F7D80087BC07 /* Assets.xcassets in Resources */ = {isa = PBXBuildFile; fileRef = D9BAB5E41CC0F7D80087BC07 /* Assets.xcassets */; };
		D9BAB5E81CC0F7D80087BC07 /* Main.storyboard in Resources */ = {isa = PBXBuildFile; fileRef = D9BAB5E61CC0F7D80087BC07 /* Main.storyboard */; };
		D9CC87281CF8A49C0087BC07 /* NSManagedObjectModel+KCOrderedAccessorFix.m in Sources */ = {isa = PBXBuildFile; fileRef = D9CC87261CF8A49C0087BC07 /* NSManagedObjectModel+KCOrderedAccessorFix.m */; };
		D9CCCFA51CDBEB160087BC07 /* DistanceNumberFormatter.m in Sources */ = {isa = PBXBuildFile; fileRef = D9CCCFA41CDBEB160087BC07 /* DistanceNumberFormatter.m */; };
		D9D4DB011CD9042F0087BC07 /* Trilateration.m in Sources */ = {isa = PBXBuildFile; fileRef = D9D4DB001CD9042F0087BC07 /* Trilateration.m */; };
		D9FF378F1D10C4D90087BC07 /* ScreenshotCollectionViewItem.m in Sources */ = {isa = PBXBuildFile; fileRef = D9FF378D1D10C4D90087BC07 /* ScreenshotCollectionViewItem.m */; };
		D9FF37901D10C4D90087BC07 /* ScreenshotCollectionViewItem.xib in Resources */ = {isa = PBXBuildFile; fileRef = D9FF378E1D10C4D90087BC07 /* ScreenshotCollectionViewItem.xib */; };
/* End PBXBuildFile section */

/* Begin PBXCopyFilesBuildPhase section */
		D92656631CDEB24F0087BC07 /* CopyFiles */ = {
			isa = PBXCopyFilesBuildPhase;
			buildActionMask = 2147483647;
			dstPath = "";
			dstSubfolderSpec = 10;
			files = (
				D92656641CDEB2750087BC07 /* Sparkle.framework in CopyFiles */,
			);
			runOnlyForDeploymentPostprocessing = 0;
		};
/* End PBXCopyFilesBuildPhase section */

/* Begin PBXFileReference section */
		D917A8E41CC672E20087BC07 /* EDSM+CoreDataProperties.h */ = {isa = PBXFileReference; fileEncoding = 4; lastKnownFileType = sourcecode.c.h; path = "EDSM+CoreDataProperties.h"; sourceTree = "<group>"; };
		D917A8E51CC672E20087BC07 /* EDSM+CoreDataProperties.m */ = {isa = PBXFileReference; fileEncoding = 4; lastKnownFileType = sourcecode.c.objc; path = "EDSM+CoreDataProperties.m"; sourceTree = "<group>"; };
		D917A8E61CC672E20087BC07 /* EDSM.h */ = {isa = PBXFileReference; fileEncoding = 4; lastKnownFileType = sourcecode.c.h; path = EDSM.h; sourceTree = "<group>"; };
		D917A8E71CC672E20087BC07 /* EDSM.m */ = {isa = PBXFileReference; fileEncoding = 4; lastKnownFileType = sourcecode.c.objc; path = EDSM.m; sourceTree = "<group>"; };
		D91CAA301CD3F8920087BC07 /* SSKeychain.h */ = {isa = PBXFileReference; fileEncoding = 4; lastKnownFileType = sourcecode.c.h; path = SSKeychain.h; sourceTree = "<group>"; };
		D91CAA311CD3F8920087BC07 /* SSKeychain.m */ = {isa = PBXFileReference; fileEncoding = 4; lastKnownFileType = sourcecode.c.objc; path = SSKeychain.m; sourceTree = "<group>"; };
		D91CAA6F1CD416F00087BC07 /* Note+CoreDataProperties.h */ = {isa = PBXFileReference; fileEncoding = 4; lastKnownFileType = sourcecode.c.h; path = "Note+CoreDataProperties.h"; sourceTree = "<group>"; };
		D91CAA701CD416F00087BC07 /* Note+CoreDataProperties.m */ = {isa = PBXFileReference; fileEncoding = 4; lastKnownFileType = sourcecode.c.objc; path = "Note+CoreDataProperties.m"; sourceTree = "<group>"; };
		D91CAA711CD416F00087BC07 /* Note.h */ = {isa = PBXFileReference; fileEncoding = 4; lastKnownFileType = sourcecode.c.h; path = Note.h; sourceTree = "<group>"; };
		D91CAA721CD416F10087BC07 /* Note.m */ = {isa = PBXFileReference; fileEncoding = 4; lastKnownFileType = sourcecode.c.objc; path = Note.m; sourceTree = "<group>"; };
		D920C9E31CCFA42D0087BC07 /* Distance+CoreDataProperties.h */ = {isa = PBXFileReference; fileEncoding = 4; lastKnownFileType = sourcecode.c.h; path = "Distance+CoreDataProperties.h"; sourceTree = "<group>"; };
		D920C9E41CCFA42D0087BC07 /* Distance+CoreDataProperties.m */ = {isa = PBXFileReference; fileEncoding = 4; lastKnownFileType = sourcecode.c.objc; path = "Distance+CoreDataProperties.m"; sourceTree = "<group>"; };
		D920C9E51CCFA42D0087BC07 /* Distance.h */ = {isa = PBXFileReference; fileEncoding = 4; lastKnownFileType = sourcecode.c.h; path = Distance.h; sourceTree = "<group>"; };
		D920C9E61CCFA42D0087BC07 /* Distance.m */ = {isa = PBXFileReference; fileEncoding = 4; lastKnownFileType = sourcecode.c.objc; path = Distance.m; sourceTree = "<group>"; };
		D92656611CDEB01F0087BC07 /* Sparkle.framework */ = {isa = PBXFileReference; lastKnownFileType = wrapper.framework; path = Sparkle.framework; sourceTree = "<group>"; };
		D92656651CDEB4CB0087BC07 /* dsa_pub.pem */ = {isa = PBXFileReference; fileEncoding = 4; lastKnownFileType = text; path = dsa_pub.pem; sourceTree = "<group>"; };
		D92E57201CE493E00087BC07 /* NSURLConnection+Progress.h */ = {isa = PBXFileReference; fileEncoding = 4; lastKnownFileType = sourcecode.c.h; path = "NSURLConnection+Progress.h"; sourceTree = "<group>"; };
		D92E57211CE493E00087BC07 /* NSURLConnection+Progress.m */ = {isa = PBXFileReference; fileEncoding = 4; lastKnownFileType = sourcecode.c.objc; path = "NSURLConnection+Progress.m"; sourceTree = "<group>"; };
		D92ED45B1CD811F00087BC07 /* SuggestedReferences.h */ = {isa = PBXFileReference; fileEncoding = 4; lastKnownFileType = sourcecode.c.h; path = SuggestedReferences.h; sourceTree = "<group>"; };
		D92ED45C1CD811F00087BC07 /* SuggestedReferences.m */ = {isa = PBXFileReference; fileEncoding = 4; lastKnownFileType = sourcecode.c.objc; path = SuggestedReferences.m; sourceTree = "<group>"; };
		D92ED45E1CD812D20087BC07 /* ReferencesSector.h */ = {isa = PBXFileReference; fileEncoding = 4; lastKnownFileType = sourcecode.c.h; path = ReferencesSector.h; sourceTree = "<group>"; };
		D92ED45F1CD812D20087BC07 /* ReferencesSector.m */ = {isa = PBXFileReference; fileEncoding = 4; lastKnownFileType = sourcecode.c.objc; path = ReferencesSector.m; sourceTree = "<group>"; };
		D92ED4611CD819890087BC07 /* ReferenceSystem.h */ = {isa = PBXFileReference; fileEncoding = 4; lastKnownFileType = sourcecode.c.h; path = ReferenceSystem.h; sourceTree = "<group>"; };
		D92ED4621CD819890087BC07 /* ReferenceSystem.m */ = {isa = PBXFileReference; fileEncoding = 4; lastKnownFileType = sourcecode.c.objc; path = ReferenceSystem.m; sourceTree = "<group>"; };
		D92ED4641CD81C820087BC07 /* SystemData.h */ = {isa = PBXFileReference; fileEncoding = 4; lastKnownFileType = sourcecode.c.h; path = SystemData.h; sourceTree = "<group>"; };
		D92ED4651CD81C820087BC07 /* SystemData.m */ = {isa = PBXFileReference; fileEncoding = 4; lastKnownFileType = sourcecode.c.objc; path = SystemData.m; sourceTree = "<group>"; };
		D931908A1CDB56E50087BC07 /* VDKQueue.h */ = {isa = PBXFileReference; fileEncoding = 4; lastKnownFileType = sourcecode.c.h; path = VDKQueue.h; sourceTree = "<group>"; };
		D931908B1CDB56E50087BC07 /* VDKQueue.m */ = {isa = PBXFileReference; fileEncoding = 4; lastKnownFileType = sourcecode.c.objc; path = VDKQueue.m; sourceTree = "<group>"; };
		D93514421CF5220A0087BC07 /* DeleteTableView.h */ = {isa = PBXFileReference; fileEncoding = 4; lastKnownFileType = sourcecode.c.h; path = DeleteTableView.h; sourceTree = "<group>"; };
		D93514431CF5220A0087BC07 /* DeleteTableView.m */ = {isa = PBXFileReference; fileEncoding = 4; lastKnownFileType = sourcecode.c.objc; path = DeleteTableView.m; sourceTree = "<group>"; };
		D93F0F231D0855BC0087BC07 /* MapViewController.h */ = {isa = PBXFileReference; fileEncoding = 4; lastKnownFileType = sourcecode.c.h; path = MapViewController.h; sourceTree = "<group>"; };
		D93F0F241D0855BC0087BC07 /* MapViewController.m */ = {isa = PBXFileReference; fileEncoding = 4; lastKnownFileType = sourcecode.c.objc; path = MapViewController.m; sourceTree = "<group>"; };
		D93F0F281D0856D30087BC07 /* MapKit.framework */ = {isa = PBXFileReference; lastKnownFileType = wrapper.framework; name = MapKit.framework; path = System/Library/Frameworks/MapKit.framework; sourceTree = SDKROOT; };
		D93F0F2B1D086CFA0087BC07 /* Galaxy_L_Grid.jpg */ = {isa = PBXFileReference; lastKnownFileType = image.jpeg; path = Galaxy_L_Grid.jpg; sourceTree = "<group>"; };
		D93F0F451D086DC10087BC07 /* CartographicOverlay.h */ = {isa = PBXFileReference; fileEncoding = 4; lastKnownFileType = sourcecode.c.h; path = CartographicOverlay.h; sourceTree = "<group>"; };
		D93F0F461D086DC10087BC07 /* CartographicOverlay.m */ = {isa = PBXFileReference; fileEncoding = 4; lastKnownFileType = sourcecode.c.objc; path = CartographicOverlay.m; sourceTree = "<group>"; };
		D93F0F471D086DC10087BC07 /* CartographicOverlayRenderer.h */ = {isa = PBXFileReference; fileEncoding = 4; lastKnownFileType = sourcecode.c.h; path = CartographicOverlayRenderer.h; sourceTree = "<group>"; };
		D93F0F481D086DC10087BC07 /* CartographicOverlayRenderer.m */ = {isa = PBXFileReference; fileEncoding = 4; lastKnownFileType = sourcecode.c.objc; path = CartographicOverlayRenderer.m; sourceTree = "<group>"; };
		D94DE2921CC4EA0E0087BC07 /* EDDiscovery.xcdatamodel */ = {isa = PBXFileReference; lastKnownFileType = wrapper.xcdatamodel; path = EDDiscovery.xcdatamodel; sourceTree = "<group>"; };
		D94DE2B21CC4FF320087BC07 /* CoreDataManager.h */ = {isa = PBXFileReference; fileEncoding = 4; lastKnownFileType = sourcecode.c.h; path = CoreDataManager.h; sourceTree = "<group>"; };
		D94DE2B31CC4FF320087BC07 /* CoreDataManager.m */ = {isa = PBXFileReference; fileEncoding = 4; lastKnownFileType = sourcecode.c.objc; path = CoreDataManager.m; sourceTree = "<group>"; };
		D94DE2CD1CC5024D0087BC07 /* DBVersion+CoreDataProperties.h */ = {isa = PBXFileReference; fileEncoding = 4; lastKnownFileType = sourcecode.c.h; path = "DBVersion+CoreDataProperties.h"; sourceTree = "<group>"; };
		D94DE2CE1CC5024D0087BC07 /* DBVersion+CoreDataProperties.m */ = {isa = PBXFileReference; fileEncoding = 4; lastKnownFileType = sourcecode.c.objc; path = "DBVersion+CoreDataProperties.m"; sourceTree = "<group>"; };
		D94DE2CF1CC5024D0087BC07 /* DBVersion.h */ = {isa = PBXFileReference; fileEncoding = 4; lastKnownFileType = sourcecode.c.h; path = DBVersion.h; sourceTree = "<group>"; };
		D94DE2D01CC5024D0087BC07 /* DBVersion.m */ = {isa = PBXFileReference; fileEncoding = 4; lastKnownFileType = sourcecode.c.objc; path = DBVersion.m; sourceTree = "<group>"; };
		D94DE2E91CC5028B0087BC07 /* Image+CoreDataProperties.h */ = {isa = PBXFileReference; fileEncoding = 4; lastKnownFileType = sourcecode.c.h; path = "Image+CoreDataProperties.h"; sourceTree = "<group>"; };
		D94DE2EA1CC5028B0087BC07 /* Image+CoreDataProperties.m */ = {isa = PBXFileReference; fileEncoding = 4; lastKnownFileType = sourcecode.c.objc; path = "Image+CoreDataProperties.m"; sourceTree = "<group>"; };
		D94DE2EB1CC5028B0087BC07 /* Image.h */ = {isa = PBXFileReference; fileEncoding = 4; lastKnownFileType = sourcecode.c.h; path = Image.h; sourceTree = "<group>"; };
		D94DE2EC1CC5028B0087BC07 /* Image.m */ = {isa = PBXFileReference; fileEncoding = 4; lastKnownFileType = sourcecode.c.objc; path = Image.m; sourceTree = "<group>"; };
		D94DE2ED1CC5028B0087BC07 /* Jump+CoreDataProperties.h */ = {isa = PBXFileReference; fileEncoding = 4; lastKnownFileType = sourcecode.c.h; path = "Jump+CoreDataProperties.h"; sourceTree = "<group>"; };
		D94DE2EE1CC5028B0087BC07 /* Jump+CoreDataProperties.m */ = {isa = PBXFileReference; fileEncoding = 4; lastKnownFileType = sourcecode.c.objc; path = "Jump+CoreDataProperties.m"; sourceTree = "<group>"; };
		D94DE2EF1CC5028B0087BC07 /* Jump.h */ = {isa = PBXFileReference; fileEncoding = 4; lastKnownFileType = sourcecode.c.h; path = Jump.h; sourceTree = "<group>"; };
		D94DE2F01CC5028B0087BC07 /* Jump.m */ = {isa = PBXFileReference; fileEncoding = 4; lastKnownFileType = sourcecode.c.objc; path = Jump.m; sourceTree = "<group>"; };
		D94DE2F11CC5028B0087BC07 /* System+CoreDataProperties.h */ = {isa = PBXFileReference; fileEncoding = 4; lastKnownFileType = sourcecode.c.h; path = "System+CoreDataProperties.h"; sourceTree = "<group>"; };
		D94DE2F21CC5028B0087BC07 /* System+CoreDataProperties.m */ = {isa = PBXFileReference; fileEncoding = 4; lastKnownFileType = sourcecode.c.objc; path = "System+CoreDataProperties.m"; sourceTree = "<group>"; };
		D94DE2F31CC5028B0087BC07 /* System.h */ = {isa = PBXFileReference; fileEncoding = 4; lastKnownFileType = sourcecode.c.h; path = System.h; sourceTree = "<group>"; };
		D94DE2F41CC5028B0087BC07 /* System.m */ = {isa = PBXFileReference; fileEncoding = 4; lastKnownFileType = sourcecode.c.objc; path = System.m; sourceTree = "<group>"; };
		D94DE3041CC506990087BC07 /* NetLogParser.h */ = {isa = PBXFileReference; fileEncoding = 4; lastKnownFileType = sourcecode.c.h; path = NetLogParser.h; sourceTree = "<group>"; };
		D94DE3051CC506990087BC07 /* NetLogParser.m */ = {isa = PBXFileReference; fileEncoding = 4; lastKnownFileType = sourcecode.c.objc; path = NetLogParser.m; sourceTree = "<group>"; };
		D94DE3081CC509720087BC07 /* EventLogger.h */ = {isa = PBXFileReference; fileEncoding = 4; lastKnownFileType = sourcecode.c.h; path = EventLogger.h; sourceTree = "<group>"; };
		D94DE3091CC509720087BC07 /* EventLogger.m */ = {isa = PBXFileReference; fileEncoding = 4; lastKnownFileType = sourcecode.c.objc; path = EventLogger.m; sourceTree = "<group>"; };
		D94DE30B1CC510D00087BC07 /* NetLogFile+CoreDataProperties.h */ = {isa = PBXFileReference; fileEncoding = 4; lastKnownFileType = sourcecode.c.h; path = "NetLogFile+CoreDataProperties.h"; sourceTree = "<group>"; };
		D94DE30C1CC510D00087BC07 /* NetLogFile+CoreDataProperties.m */ = {isa = PBXFileReference; fileEncoding = 4; lastKnownFileType = sourcecode.c.objc; path = "NetLogFile+CoreDataProperties.m"; sourceTree = "<group>"; };
		D94DE30D1CC510D00087BC07 /* NetLogFile.h */ = {isa = PBXFileReference; fileEncoding = 4; lastKnownFileType = sourcecode.c.h; path = NetLogFile.h; sourceTree = "<group>"; };
		D94DE30E1CC510D00087BC07 /* NetLogFile.m */ = {isa = PBXFileReference; fileEncoding = 4; lastKnownFileType = sourcecode.c.objc; path = NetLogFile.m; sourceTree = "<group>"; };
		D952CAB41CD371BF0087BC07 /* Commander+CoreDataProperties.h */ = {isa = PBXFileReference; fileEncoding = 4; lastKnownFileType = sourcecode.c.h; path = "Commander+CoreDataProperties.h"; sourceTree = "<group>"; };
		D952CAB51CD371BF0087BC07 /* Commander+CoreDataProperties.m */ = {isa = PBXFileReference; fileEncoding = 4; lastKnownFileType = sourcecode.c.objc; path = "Commander+CoreDataProperties.m"; sourceTree = "<group>"; };
		D952CAB61CD371BF0087BC07 /* Commander.h */ = {isa = PBXFileReference; fileEncoding = 4; lastKnownFileType = sourcecode.c.h; path = Commander.h; sourceTree = "<group>"; };
		D952CAB71CD371BF0087BC07 /* Commander.m */ = {isa = PBXFileReference; fileEncoding = 4; lastKnownFileType = sourcecode.c.objc; path = Commander.m; sourceTree = "<group>"; };
		D95E150B1CC42DE40087BC07 /* HttpApiManager.h */ = {isa = PBXFileReference; fileEncoding = 4; lastKnownFileType = sourcecode.c.h; path = HttpApiManager.h; sourceTree = "<group>"; };
		D95E150C1CC42DE40087BC07 /* HttpApiManager.m */ = {isa = PBXFileReference; fileEncoding = 4; lastKnownFileType = sourcecode.c.objc; path = HttpApiManager.m; sourceTree = "<group>"; };
		D95E15111CC42E620087BC07 /* EDSMConnection.h */ = {isa = PBXFileReference; fileEncoding = 4; lastKnownFileType = sourcecode.c.h; path = EDSMConnection.h; sourceTree = "<group>"; };
		D95E15121CC42E620087BC07 /* EDSMConnection.m */ = {isa = PBXFileReference; fileEncoding = 4; lastKnownFileType = sourcecode.c.objc; path = EDSMConnection.m; sourceTree = "<group>"; };
		D960B6771CDFD5A80087BC07 /* LoadingViewController.h */ = {isa = PBXFileReference; fileEncoding = 4; lastKnownFileType = sourcecode.c.h; path = LoadingViewController.h; sourceTree = "<group>"; };
		D960B6781CDFD5A80087BC07 /* LoadingViewController.m */ = {isa = PBXFileReference; fileEncoding = 4; lastKnownFileType = sourcecode.c.objc; path = LoadingViewController.m; sourceTree = "<group>"; };
		D971F7261CDCD6B70087BC07 /* PrefixHeader.pch */ = {isa = PBXFileReference; lastKnownFileType = sourcecode.c.h; path = PrefixHeader.pch; sourceTree = "<group>"; };
		D971F7281CDCDF030087BC07 /* Fabric.framework */ = {isa = PBXFileReference; lastKnownFileType = wrapper.framework; path = Fabric.framework; sourceTree = "<group>"; };
		D971F7291CDCDF030087BC07 /* Crashlytics.framework */ = {isa = PBXFileReference; lastKnownFileType = wrapper.framework; path = Crashlytics.framework; sourceTree = "<group>"; };
		D9841CE11D08BDD30087BC07 /* MapAnnotation.h */ = {isa = PBXFileReference; fileEncoding = 4; lastKnownFileType = sourcecode.c.h; path = MapAnnotation.h; sourceTree = "<group>"; };
		D9841CE21D08BDD30087BC07 /* MapAnnotation.m */ = {isa = PBXFileReference; fileEncoding = 4; lastKnownFileType = sourcecode.c.objc; path = MapAnnotation.m; sourceTree = "<group>"; };
		D9841CE41D08C3670087BC07 /* BlackTileOverlay.h */ = {isa = PBXFileReference; fileEncoding = 4; lastKnownFileType = sourcecode.c.h; path = BlackTileOverlay.h; sourceTree = "<group>"; };
		D9841CE51D08C3670087BC07 /* BlackTileOverlay.m */ = {isa = PBXFileReference; fileEncoding = 4; lastKnownFileType = sourcecode.c.objc; path = BlackTileOverlay.m; sourceTree = "<group>"; };
		D9AC4C301CE1320D0087BC07 /* NSManagedObjectContext+Parenthood.h */ = {isa = PBXFileReference; fileEncoding = 4; lastKnownFileType = sourcecode.c.h; path = "NSManagedObjectContext+Parenthood.h"; sourceTree = "<group>"; };
		D9AC4C311CE1320D0087BC07 /* NSManagedObjectContext+Parenthood.m */ = {isa = PBXFileReference; fileEncoding = 4; lastKnownFileType = sourcecode.c.objc; path = "NSManagedObjectContext+Parenthood.m"; sourceTree = "<group>"; };
		D9AE9B371D100CFD0087BC07 /* ScreenshotsViewController.h */ = {isa = PBXFileReference; fileEncoding = 4; lastKnownFileType = sourcecode.c.h; path = ScreenshotsViewController.h; sourceTree = "<group>"; };
		D9AE9B381D100CFD0087BC07 /* ScreenshotsViewController.m */ = {isa = PBXFileReference; fileEncoding = 4; lastKnownFileType = sourcecode.c.objc; path = ScreenshotsViewController.m; sourceTree = "<group>"; };
		D9AE9B3A1D1039EB0087BC07 /* EDDiscovery 2.xcdatamodel */ = {isa = PBXFileReference; lastKnownFileType = wrapper.xcdatamodel; path = "EDDiscovery 2.xcdatamodel"; sourceTree = "<group>"; };
		D9AE9B3C1D103D090087BC07 /* ScreenshotMonitor.h */ = {isa = PBXFileReference; fileEncoding = 4; lastKnownFileType = sourcecode.c.h; path = ScreenshotMonitor.h; sourceTree = "<group>"; };
		D9AE9B3D1D103D090087BC07 /* ScreenshotMonitor.m */ = {isa = PBXFileReference; fileEncoding = 4; lastKnownFileType = sourcecode.c.objc; path = ScreenshotMonitor.m; sourceTree = "<group>"; };
		D9B562291CD787800087BC07 /* TrilaterationViewController.h */ = {isa = PBXFileReference; fileEncoding = 4; lastKnownFileType = sourcecode.c.h; path = TrilaterationViewController.h; sourceTree = "<group>"; };
		D9B5622A1CD787800087BC07 /* TrilaterationViewController.m */ = {isa = PBXFileReference; fileEncoding = 4; lastKnownFileType = sourcecode.c.objc; path = TrilaterationViewController.m; sourceTree = "<group>"; };
		D9BAB5D81CC0F7D80087BC07 /* EDDiscovery.app */ = {isa = PBXFileReference; explicitFileType = wrapper.application; includeInIndex = 0; path = EDDiscovery.app; sourceTree = BUILT_PRODUCTS_DIR; };
		D9BAB5DB1CC0F7D80087BC07 /* AppDelegate.h */ = {isa = PBXFileReference; lastKnownFileType = sourcecode.c.h; path = AppDelegate.h; sourceTree = "<group>"; };
		D9BAB5DC1CC0F7D80087BC07 /* AppDelegate.m */ = {isa = PBXFileReference; lastKnownFileType = sourcecode.c.objc; path = AppDelegate.m; sourceTree = "<group>"; };
		D9BAB5DF1CC0F7D80087BC07 /* main.m */ = {isa = PBXFileReference; lastKnownFileType = sourcecode.c.objc; path = main.m; sourceTree = "<group>"; };
		D9BAB5E11CC0F7D80087BC07 /* TravelHistoryViewController.h */ = {isa = PBXFileReference; lastKnownFileType = sourcecode.c.h; path = TravelHistoryViewController.h; sourceTree = "<group>"; };
		D9BAB5E21CC0F7D80087BC07 /* TravelHistoryViewController.m */ = {isa = PBXFileReference; lastKnownFileType = sourcecode.c.objc; path = TravelHistoryViewController.m; sourceTree = "<group>"; };
		D9BAB5E41CC0F7D80087BC07 /* Assets.xcassets */ = {isa = PBXFileReference; lastKnownFileType = folder.assetcatalog; path = Assets.xcassets; sourceTree = "<group>"; };
		D9BAB5E71CC0F7D80087BC07 /* Base */ = {isa = PBXFileReference; lastKnownFileType = file.storyboard; name = Base; path = Base.lproj/Main.storyboard; sourceTree = "<group>"; };
		D9BAB5E91CC0F7D80087BC07 /* Info.plist */ = {isa = PBXFileReference; lastKnownFileType = text.plist.xml; path = Info.plist; sourceTree = "<group>"; };
		D9CC87261CF8A49C0087BC07 /* NSManagedObjectModel+KCOrderedAccessorFix.m */ = {isa = PBXFileReference; fileEncoding = 4; lastKnownFileType = sourcecode.c.objc; path = "NSManagedObjectModel+KCOrderedAccessorFix.m"; sourceTree = "<group>"; };
		D9CC87271CF8A49C0087BC07 /* NSManagedObjectModel+KCOrderedAccessorFix.h */ = {isa = PBXFileReference; fileEncoding = 4; lastKnownFileType = sourcecode.c.h; path = "NSManagedObjectModel+KCOrderedAccessorFix.h"; sourceTree = "<group>"; };
		D9CCCFA31CDBEB160087BC07 /* DistanceNumberFormatter.h */ = {isa = PBXFileReference; fileEncoding = 4; lastKnownFileType = sourcecode.c.h; path = DistanceNumberFormatter.h; sourceTree = "<group>"; };
		D9CCCFA41CDBEB160087BC07 /* DistanceNumberFormatter.m */ = {isa = PBXFileReference; fileEncoding = 4; lastKnownFileType = sourcecode.c.objc; path = DistanceNumberFormatter.m; sourceTree = "<group>"; };
		D9D4DAFF1CD9042F0087BC07 /* Trilateration.h */ = {isa = PBXFileReference; fileEncoding = 4; lastKnownFileType = sourcecode.c.h; path = Trilateration.h; sourceTree = "<group>"; };
		D9D4DB001CD9042F0087BC07 /* Trilateration.m */ = {isa = PBXFileReference; fileEncoding = 4; lastKnownFileType = sourcecode.c.objc; path = Trilateration.m; sourceTree = "<group>"; };
		D9FF378C1D10C4D90087BC07 /* ScreenshotCollectionViewItem.h */ = {isa = PBXFileReference; fileEncoding = 4; lastKnownFileType = sourcecode.c.h; path = ScreenshotCollectionViewItem.h; sourceTree = "<group>"; };
		D9FF378D1D10C4D90087BC07 /* ScreenshotCollectionViewItem.m */ = {isa = PBXFileReference; fileEncoding = 4; lastKnownFileType = sourcecode.c.objc; path = ScreenshotCollectionViewItem.m; sourceTree = "<group>"; };
		D9FF378E1D10C4D90087BC07 /* ScreenshotCollectionViewItem.xib */ = {isa = PBXFileReference; fileEncoding = 4; lastKnownFileType = file.xib; path = ScreenshotCollectionViewItem.xib; sourceTree = "<group>"; };
/* End PBXFileReference section */

/* Begin PBXFrameworksBuildPhase section */
		D9BAB5D51CC0F7D80087BC07 /* Frameworks */ = {
			isa = PBXFrameworksBuildPhase;
			buildActionMask = 2147483647;
			files = (
				D93F0F291D0856D30087BC07 /* MapKit.framework in Frameworks */,
				D971F72B1CDCDF030087BC07 /* Crashlytics.framework in Frameworks */,
				D92656621CDEB01F0087BC07 /* Sparkle.framework in Frameworks */,
				D971F72A1CDCDF030087BC07 /* Fabric.framework in Frameworks */,
			);
			runOnlyForDeploymentPostprocessing = 0;
		};
/* End PBXFrameworksBuildPhase section */

/* Begin PBXGroup section */
		D92656601CDEAF5E0087BC07 /* Sparkle updater */ = {
			isa = PBXGroup;
			children = (
				D92656611CDEB01F0087BC07 /* Sparkle.framework */,
			);
			name = "Sparkle updater";
			sourceTree = "<group>";
		};
		D94DE2901CC4E9E50087BC07 /* Data management */ = {
			isa = PBXGroup;
			children = (
				D94DE2911CC4EA0E0087BC07 /* EDDiscovery.xcdatamodeld */,
				D952CAB41CD371BF0087BC07 /* Commander+CoreDataProperties.h */,
				D952CAB51CD371BF0087BC07 /* Commander+CoreDataProperties.m */,
				D952CAB61CD371BF0087BC07 /* Commander.h */,
				D952CAB71CD371BF0087BC07 /* Commander.m */,
				D94DE2CD1CC5024D0087BC07 /* DBVersion+CoreDataProperties.h */,
				D94DE2CE1CC5024D0087BC07 /* DBVersion+CoreDataProperties.m */,
				D94DE2CF1CC5024D0087BC07 /* DBVersion.h */,
				D94DE2D01CC5024D0087BC07 /* DBVersion.m */,
				D920C9E31CCFA42D0087BC07 /* Distance+CoreDataProperties.h */,
				D920C9E41CCFA42D0087BC07 /* Distance+CoreDataProperties.m */,
				D920C9E51CCFA42D0087BC07 /* Distance.h */,
				D920C9E61CCFA42D0087BC07 /* Distance.m */,
				D917A8E41CC672E20087BC07 /* EDSM+CoreDataProperties.h */,
				D917A8E51CC672E20087BC07 /* EDSM+CoreDataProperties.m */,
				D917A8E61CC672E20087BC07 /* EDSM.h */,
				D917A8E71CC672E20087BC07 /* EDSM.m */,
				D94DE2E91CC5028B0087BC07 /* Image+CoreDataProperties.h */,
				D94DE2EA1CC5028B0087BC07 /* Image+CoreDataProperties.m */,
				D94DE2EB1CC5028B0087BC07 /* Image.h */,
				D94DE2EC1CC5028B0087BC07 /* Image.m */,
				D94DE2ED1CC5028B0087BC07 /* Jump+CoreDataProperties.h */,
				D94DE2EE1CC5028B0087BC07 /* Jump+CoreDataProperties.m */,
				D94DE2EF1CC5028B0087BC07 /* Jump.h */,
				D94DE2F01CC5028B0087BC07 /* Jump.m */,
				D94DE30B1CC510D00087BC07 /* NetLogFile+CoreDataProperties.h */,
				D94DE30C1CC510D00087BC07 /* NetLogFile+CoreDataProperties.m */,
				D94DE30D1CC510D00087BC07 /* NetLogFile.h */,
				D94DE30E1CC510D00087BC07 /* NetLogFile.m */,
				D91CAA6F1CD416F00087BC07 /* Note+CoreDataProperties.h */,
				D91CAA701CD416F00087BC07 /* Note+CoreDataProperties.m */,
				D91CAA711CD416F00087BC07 /* Note.h */,
				D91CAA721CD416F10087BC07 /* Note.m */,
				D94DE2F11CC5028B0087BC07 /* System+CoreDataProperties.h */,
				D94DE2F21CC5028B0087BC07 /* System+CoreDataProperties.m */,
				D94DE2F31CC5028B0087BC07 /* System.h */,
				D94DE2F41CC5028B0087BC07 /* System.m */,
				D94DE2B21CC4FF320087BC07 /* CoreDataManager.h */,
				D94DE2B31CC4FF320087BC07 /* CoreDataManager.m */,
				D9AC4C301CE1320D0087BC07 /* NSManagedObjectContext+Parenthood.h */,
				D9AC4C311CE1320D0087BC07 /* NSManagedObjectContext+Parenthood.m */,
				D9CC87271CF8A49C0087BC07 /* NSManagedObjectModel+KCOrderedAccessorFix.h */,
				D9CC87261CF8A49C0087BC07 /* NSManagedObjectModel+KCOrderedAccessorFix.m */,
			);
			name = "Data management";
			sourceTree = "<group>";
		};
		D94DE3031CC5067B0087BC07 /* Netlog parsing */ = {
			isa = PBXGroup;
			children = (
				D94DE3041CC506990087BC07 /* NetLogParser.h */,
				D94DE3051CC506990087BC07 /* NetLogParser.m */,
			);
			name = "Netlog parsing";
			sourceTree = "<group>";
		};
		D94DE3071CC5095C0087BC07 /* Event logging */ = {
			isa = PBXGroup;
			children = (
				D94DE3081CC509720087BC07 /* EventLogger.h */,
				D94DE3091CC509720087BC07 /* EventLogger.m */,
			);
			name = "Event logging";
			sourceTree = "<group>";
		};
		D95E14EA1CC1AA030087BC07 /* Core */ = {
			isa = PBXGroup;
			children = (
				D971F7081CDCCEB30087BC07 /* Application delegate */,
				D971F72C1CDCDF710087BC07 /* Crashlytics */,
				D94DE2901CC4E9E50087BC07 /* Data management */,
				D94DE3071CC5095C0087BC07 /* Event logging */,
				D95E14EB1CC1AA090087BC07 /* File monitoring */,
				D95E15171CC42F6B0087BC07 /* Keychain access */,
				D9CCCFA61CDBEE870087BC07 /* Input validation */,
				D94DE3031CC5067B0087BC07 /* Netlog parsing */,
				D95E15061CC42C380087BC07 /* Networking */,
				D9AE9B3B1D103CCD0087BC07 /* Screenshots monitoring */,
				D92656601CDEAF5E0087BC07 /* Sparkle updater */,
				D9B5622C1CD7B1150087BC07 /* Trilateration */,
			);
			name = Core;
			sourceTree = "<group>";
		};
		D95E14EB1CC1AA090087BC07 /* File monitoring */ = {
			isa = PBXGroup;
			children = (
				D931908A1CDB56E50087BC07 /* VDKQueue.h */,
				D931908B1CDB56E50087BC07 /* VDKQueue.m */,
			);
			name = "File monitoring";
			sourceTree = "<group>";
		};
		D95E14EC1CC1AA180087BC07 /* GUI */ = {
			isa = PBXGroup;
			children = (
				D9841CE71D08CA760087BC07 /* Loading */,
				D9841CE81D08CA7B0087BC07 /* Travel History */,
				D9841CE91D08CA870087BC07 /* Trilateration */,
				D9841CEA1D08CA920087BC07 /* 2D Map */,
				D9AE9B361D100C8C0087BC07 /* Screenshots */,
				D9BAB5E61CC0F7D80087BC07 /* Main.storyboard */,
			);
			name = GUI;
			sourceTree = "<group>";
		};
		D95E14ED1CC1AA2B0087BC07 /* Resources */ = {
			isa = PBXGroup;
			children = (
				D93F0F2B1D086CFA0087BC07 /* Galaxy_L_Grid.jpg */,
				D92656651CDEB4CB0087BC07 /* dsa_pub.pem */,
				D9BAB5E41CC0F7D80087BC07 /* Assets.xcassets */,
			);
			name = Resources;
			sourceTree = "<group>";
		};
		D95E15061CC42C380087BC07 /* Networking */ = {
			isa = PBXGroup;
			children = (
				D95E15111CC42E620087BC07 /* EDSMConnection.h */,
				D95E15121CC42E620087BC07 /* EDSMConnection.m */,
				D95E150B1CC42DE40087BC07 /* HttpApiManager.h */,
				D95E150C1CC42DE40087BC07 /* HttpApiManager.m */,
				D92E57201CE493E00087BC07 /* NSURLConnection+Progress.h */,
				D92E57211CE493E00087BC07 /* NSURLConnection+Progress.m */,
			);
			name = Networking;
			sourceTree = "<group>";
		};
		D95E15171CC42F6B0087BC07 /* Keychain access */ = {
			isa = PBXGroup;
			children = (
				D91CAA301CD3F8920087BC07 /* SSKeychain.h */,
				D91CAA311CD3F8920087BC07 /* SSKeychain.m */,
			);
			name = "Keychain access";
			sourceTree = "<group>";
		};
		D971F7081CDCCEB30087BC07 /* Application delegate */ = {
			isa = PBXGroup;
			children = (
				D9BAB5DB1CC0F7D80087BC07 /* AppDelegate.h */,
				D9BAB5DC1CC0F7D80087BC07 /* AppDelegate.m */,
			);
			name = "Application delegate";
			sourceTree = "<group>";
		};
		D971F72C1CDCDF710087BC07 /* Crashlytics */ = {
			isa = PBXGroup;
			children = (
				D971F7281CDCDF030087BC07 /* Fabric.framework */,
				D971F7291CDCDF030087BC07 /* Crashlytics.framework */,
			);
			name = Crashlytics;
			sourceTree = "<group>";
		};
		D9841CE71D08CA760087BC07 /* Loading */ = {
			isa = PBXGroup;
			children = (
				D960B6771CDFD5A80087BC07 /* LoadingViewController.h */,
				D960B6781CDFD5A80087BC07 /* LoadingViewController.m */,
			);
			name = Loading;
			sourceTree = "<group>";
		};
		D9841CE81D08CA7B0087BC07 /* Travel History */ = {
			isa = PBXGroup;
			children = (
				D9BAB5E11CC0F7D80087BC07 /* TravelHistoryViewController.h */,
				D9BAB5E21CC0F7D80087BC07 /* TravelHistoryViewController.m */,
				D93514421CF5220A0087BC07 /* DeleteTableView.h */,
				D93514431CF5220A0087BC07 /* DeleteTableView.m */,
			);
			name = "Travel History";
			sourceTree = "<group>";
		};
		D9841CE91D08CA870087BC07 /* Trilateration */ = {
			isa = PBXGroup;
			children = (
				D9B562291CD787800087BC07 /* TrilaterationViewController.h */,
				D9B5622A1CD787800087BC07 /* TrilaterationViewController.m */,
			);
			name = Trilateration;
			sourceTree = "<group>";
		};
		D9841CEA1D08CA920087BC07 /* 2D Map */ = {
			isa = PBXGroup;
			children = (
				D93F0F231D0855BC0087BC07 /* MapViewController.h */,
				D93F0F241D0855BC0087BC07 /* MapViewController.m */,
				D9841CE11D08BDD30087BC07 /* MapAnnotation.h */,
				D9841CE21D08BDD30087BC07 /* MapAnnotation.m */,
				D93F0F451D086DC10087BC07 /* CartographicOverlay.h */,
				D93F0F461D086DC10087BC07 /* CartographicOverlay.m */,
				D93F0F471D086DC10087BC07 /* CartographicOverlayRenderer.h */,
				D93F0F481D086DC10087BC07 /* CartographicOverlayRenderer.m */,
				D9841CE41D08C3670087BC07 /* BlackTileOverlay.h */,
				D9841CE51D08C3670087BC07 /* BlackTileOverlay.m */,
			);
			name = "2D Map";
			sourceTree = "<group>";
		};
		D9AE9B361D100C8C0087BC07 /* Screenshots */ = {
			isa = PBXGroup;
			children = (
				D9AE9B371D100CFD0087BC07 /* ScreenshotsViewController.h */,
				D9AE9B381D100CFD0087BC07 /* ScreenshotsViewController.m */,
				D9FF378C1D10C4D90087BC07 /* ScreenshotCollectionViewItem.h */,
				D9FF378D1D10C4D90087BC07 /* ScreenshotCollectionViewItem.m */,
				D9FF378E1D10C4D90087BC07 /* ScreenshotCollectionViewItem.xib */,
			);
			name = Screenshots;
			sourceTree = "<group>";
		};
		D9AE9B3B1D103CCD0087BC07 /* Screenshots monitoring */ = {
			isa = PBXGroup;
			children = (
				D9AE9B3C1D103D090087BC07 /* ScreenshotMonitor.h */,
				D9AE9B3D1D103D090087BC07 /* ScreenshotMonitor.m */,
			);
			name = "Screenshots monitoring";
			sourceTree = "<group>";
		};
		D9B5622C1CD7B1150087BC07 /* Trilateration */ = {
			isa = PBXGroup;
			children = (
				D92ED45B1CD811F00087BC07 /* SuggestedReferences.h */,
				D92ED45C1CD811F00087BC07 /* SuggestedReferences.m */,
				D92ED45E1CD812D20087BC07 /* ReferencesSector.h */,
				D92ED45F1CD812D20087BC07 /* ReferencesSector.m */,
				D92ED4611CD819890087BC07 /* ReferenceSystem.h */,
				D92ED4621CD819890087BC07 /* ReferenceSystem.m */,
				D92ED4641CD81C820087BC07 /* SystemData.h */,
				D92ED4651CD81C820087BC07 /* SystemData.m */,
				D9D4DAFF1CD9042F0087BC07 /* Trilateration.h */,
				D9D4DB001CD9042F0087BC07 /* Trilateration.m */,
			);
			name = Trilateration;
			sourceTree = "<group>";
		};
		D9BAB5CF1CC0F7D80087BC07 = {
			isa = PBXGroup;
			children = (
				D93F0F281D0856D30087BC07 /* MapKit.framework */,
				D9BAB5DA1CC0F7D80087BC07 /* EDDiscovery */,
				D9BAB5D91CC0F7D80087BC07 /* Products */,
			);
			sourceTree = "<group>";
		};
		D9BAB5D91CC0F7D80087BC07 /* Products */ = {
			isa = PBXGroup;
			children = (
				D9BAB5D81CC0F7D80087BC07 /* EDDiscovery.app */,
			);
			name = Products;
			sourceTree = "<group>";
		};
		D9BAB5DA1CC0F7D80087BC07 /* EDDiscovery */ = {
			isa = PBXGroup;
			children = (
				D95E14EA1CC1AA030087BC07 /* Core */,
				D95E14EC1CC1AA180087BC07 /* GUI */,
				D95E14ED1CC1AA2B0087BC07 /* Resources */,
				D9BAB5DE1CC0F7D80087BC07 /* Supporting Files */,
			);
			path = EDDiscovery;
			sourceTree = "<group>";
		};
		D9BAB5DE1CC0F7D80087BC07 /* Supporting Files */ = {
			isa = PBXGroup;
			children = (
				D9BAB5E91CC0F7D80087BC07 /* Info.plist */,
				D9BAB5DF1CC0F7D80087BC07 /* main.m */,
				D971F7261CDCD6B70087BC07 /* PrefixHeader.pch */,
			);
			name = "Supporting Files";
			sourceTree = "<group>";
		};
		D9CCCFA61CDBEE870087BC07 /* Input validation */ = {
			isa = PBXGroup;
			children = (
				D9CCCFA31CDBEB160087BC07 /* DistanceNumberFormatter.h */,
				D9CCCFA41CDBEB160087BC07 /* DistanceNumberFormatter.m */,
			);
			name = "Input validation";
			sourceTree = "<group>";
		};
/* End PBXGroup section */

/* Begin PBXNativeTarget section */
		D9BAB5D71CC0F7D80087BC07 /* EDDiscovery */ = {
			isa = PBXNativeTarget;
			buildConfigurationList = D9BAB5EC1CC0F7D80087BC07 /* Build configuration list for PBXNativeTarget "EDDiscovery" */;
			buildPhases = (
				D9BAB5D41CC0F7D80087BC07 /* Sources */,
				D9BAB5D51CC0F7D80087BC07 /* Frameworks */,
				D9BAB5D61CC0F7D80087BC07 /* Resources */,
				D971F7271CDCDECA0087BC07 /* Crashlytics */,
				D92656631CDEB24F0087BC07 /* CopyFiles */,
			);
			buildRules = (
			);
			dependencies = (
			);
			name = EDDiscovery;
			productName = EDDiscovery;
			productReference = D9BAB5D81CC0F7D80087BC07 /* EDDiscovery.app */;
			productType = "com.apple.product-type.application";
		};
/* End PBXNativeTarget section */

/* Begin PBXProject section */
		D9BAB5D01CC0F7D80087BC07 /* Project object */ = {
			isa = PBXProject;
			attributes = {
				LastUpgradeCheck = 0730;
				ORGANIZATIONNAME = "Michele Noberasco";
				TargetAttributes = {
					D9BAB5D71CC0F7D80087BC07 = {
						CreatedOnToolsVersion = 7.3;
						DevelopmentTeam = ZK3WXX6249;
					};
				};
			};
			buildConfigurationList = D9BAB5D31CC0F7D80087BC07 /* Build configuration list for PBXProject "EDDiscovery" */;
			compatibilityVersion = "Xcode 3.2";
			developmentRegion = English;
			hasScannedForEncodings = 0;
			knownRegions = (
				en,
				Base,
			);
			mainGroup = D9BAB5CF1CC0F7D80087BC07;
			productRefGroup = D9BAB5D91CC0F7D80087BC07 /* Products */;
			projectDirPath = "";
			projectRoot = "";
			targets = (
				D9BAB5D71CC0F7D80087BC07 /* EDDiscovery */,
			);
		};
/* End PBXProject section */

/* Begin PBXResourcesBuildPhase section */
		D9BAB5D61CC0F7D80087BC07 /* Resources */ = {
			isa = PBXResourcesBuildPhase;
			buildActionMask = 2147483647;
			files = (
				D9BAB5E51CC0F7D80087BC07 /* Assets.xcassets in Resources */,
				D9FF37901D10C4D90087BC07 /* ScreenshotCollectionViewItem.xib in Resources */,
				D92656661CDEB4CB0087BC07 /* dsa_pub.pem in Resources */,
				D93F0F2C1D086CFA0087BC07 /* Galaxy_L_Grid.jpg in Resources */,
				D9BAB5E81CC0F7D80087BC07 /* Main.storyboard in Resources */,
			);
			runOnlyForDeploymentPostprocessing = 0;
		};
/* End PBXResourcesBuildPhase section */

/* Begin PBXShellScriptBuildPhase section */
		D971F7271CDCDECA0087BC07 /* Crashlytics */ = {
			isa = PBXShellScriptBuildPhase;
			buildActionMask = 2147483647;
			files = (
			);
			inputPaths = (
			);
			name = Crashlytics;
			outputPaths = (
			);
			runOnlyForDeploymentPostprocessing = 0;
			shellPath = /bin/sh;
			shellScript = "releaseConfig=\"Release\"\n\nif [ \"$releaseConfig\" == \"${CONFIGURATION}\" ]; then\n\necho \"Running Crashlytics\"\n\n./Fabric.framework/run fb0f49032da5c23b0f2555fbbba77dabb3c9c4ef 2025998717fd3c438feafab764b0b2aaf89472986448635c23582a24c1c406fc\n\nfi\n";
		};
/* End PBXShellScriptBuildPhase section */

/* Begin PBXSourcesBuildPhase section */
		D9BAB5D41CC0F7D80087BC07 /* Sources */ = {
			isa = PBXSourcesBuildPhase;
			buildActionMask = 2147483647;
			files = (
				D917A8E91CC672E20087BC07 /* EDSM.m in Sources */,
				D95E150D1CC42DE40087BC07 /* HttpApiManager.m in Sources */,
				D931908C1CDB56E50087BC07 /* VDKQueue.m in Sources */,
				D94DE2FD1CC5028B0087BC07 /* Jump+CoreDataProperties.m in Sources */,
				D952CAB91CD371BF0087BC07 /* Commander.m in Sources */,
				D94DE30A1CC509720087BC07 /* EventLogger.m in Sources */,
				D91CAA321CD3F8920087BC07 /* SSKeychain.m in Sources */,
				D9BAB5E31CC0F7D80087BC07 /* TravelHistoryViewController.m in Sources */,
				D94DE3061CC506990087BC07 /* NetLogParser.m in Sources */,
				D9FF378F1D10C4D90087BC07 /* ScreenshotCollectionViewItem.m in Sources */,
				D94DE2FE1CC5028B0087BC07 /* Jump.m in Sources */,
				D93514441CF5220A0087BC07 /* DeleteTableView.m in Sources */,
				D9D4DB011CD9042F0087BC07 /* Trilateration.m in Sources */,
				D920C9E81CCFA42D0087BC07 /* Distance.m in Sources */,
				D9BAB5E01CC0F7D80087BC07 /* main.m in Sources */,
				D94DE2E01CC5024D0087BC07 /* DBVersion.m in Sources */,
				D94DE2FB1CC5028B0087BC07 /* Image+CoreDataProperties.m in Sources */,
				D9AE9B391D100CFD0087BC07 /* ScreenshotsViewController.m in Sources */,
				D94DE3101CC510D00087BC07 /* NetLogFile.m in Sources */,
				D92ED4631CD819890087BC07 /* ReferenceSystem.m in Sources */,
				D94DE30F1CC510D00087BC07 /* NetLogFile+CoreDataProperties.m in Sources */,
				D94DE2931CC4EA0E0087BC07 /* EDDiscovery.xcdatamodeld in Sources */,
				D9B5622B1CD787800087BC07 /* TrilaterationViewController.m in Sources */,
				D95E15131CC42E620087BC07 /* EDSMConnection.m in Sources */,
				D9CCCFA51CDBEB160087BC07 /* DistanceNumberFormatter.m in Sources */,
				D91CAA731CD416F10087BC07 /* Note+CoreDataProperties.m in Sources */,
				D94DE2DF1CC5024D0087BC07 /* DBVersion+CoreDataProperties.m in Sources */,
				D917A8E81CC672E20087BC07 /* EDSM+CoreDataProperties.m in Sources */,
				D92E57221CE493E00087BC07 /* NSURLConnection+Progress.m in Sources */,
				D93F0F261D0855BC0087BC07 /* MapViewController.m in Sources */,
				D94DE2B41CC4FF320087BC07 /* CoreDataManager.m in Sources */,
				D9841CE31D08BDD30087BC07 /* MapAnnotation.m in Sources */,
				D960B6791CDFD5A80087BC07 /* LoadingViewController.m in Sources */,
				D92ED4661CD81C820087BC07 /* SystemData.m in Sources */,
				D91CAA741CD416F10087BC07 /* Note.m in Sources */,
				D94DE2FF1CC5028B0087BC07 /* System+CoreDataProperties.m in Sources */,
				D9841CE61D08C3670087BC07 /* BlackTileOverlay.m in Sources */,
				D9AE9B3E1D103D090087BC07 /* ScreenshotMonitor.m in Sources */,
				D952CAB81CD371BF0087BC07 /* Commander+CoreDataProperties.m in Sources */,
				D92ED45D1CD811F00087BC07 /* SuggestedReferences.m in Sources */,
				D92ED4601CD812D20087BC07 /* ReferencesSector.m in Sources */,
				D920C9E71CCFA42D0087BC07 /* Distance+CoreDataProperties.m in Sources */,
				D94DE3001CC5028B0087BC07 /* System.m in Sources */,
				D94DE2FC1CC5028B0087BC07 /* Image.m in Sources */,
				D9CC87281CF8A49C0087BC07 /* NSManagedObjectModel+KCOrderedAccessorFix.m in Sources */,
				D93F0F491D086DC10087BC07 /* CartographicOverlay.m in Sources */,
				D9AC4C321CE1320D0087BC07 /* NSManagedObjectContext+Parenthood.m in Sources */,
				D93F0F4A1D086DC10087BC07 /* CartographicOverlayRenderer.m in Sources */,
				D9BAB5DD1CC0F7D80087BC07 /* AppDelegate.m in Sources */,
			);
			runOnlyForDeploymentPostprocessing = 0;
		};
/* End PBXSourcesBuildPhase section */

/* Begin PBXVariantGroup section */
		D9BAB5E61CC0F7D80087BC07 /* Main.storyboard */ = {
			isa = PBXVariantGroup;
			children = (
				D9BAB5E71CC0F7D80087BC07 /* Base */,
			);
			name = Main.storyboard;
			sourceTree = "<group>";
		};
/* End PBXVariantGroup section */

/* Begin XCBuildConfiguration section */
		D9BAB5EA1CC0F7D80087BC07 /* Debug */ = {
			isa = XCBuildConfiguration;
			buildSettings = {
				ALWAYS_SEARCH_USER_PATHS = NO;
				CLANG_ANALYZER_NONNULL = YES;
				CLANG_CXX_LANGUAGE_STANDARD = "gnu++0x";
				CLANG_CXX_LIBRARY = "libc++";
				CLANG_ENABLE_MODULES = YES;
				CLANG_ENABLE_OBJC_ARC = YES;
				CLANG_WARN_BOOL_CONVERSION = YES;
				CLANG_WARN_CONSTANT_CONVERSION = YES;
				CLANG_WARN_DIRECT_OBJC_ISA_USAGE = YES_ERROR;
				CLANG_WARN_EMPTY_BODY = YES;
				CLANG_WARN_ENUM_CONVERSION = YES;
				CLANG_WARN_INT_CONVERSION = YES;
				CLANG_WARN_OBJC_ROOT_CLASS = YES_ERROR;
				CLANG_WARN_UNREACHABLE_CODE = YES;
				CLANG_WARN__DUPLICATE_METHOD_MATCH = YES;
				CODE_SIGN_IDENTITY = "-";
				COPY_PHASE_STRIP = NO;
				DEBUG_INFORMATION_FORMAT = dwarf;
				ENABLE_STRICT_OBJC_MSGSEND = YES;
				ENABLE_TESTABILITY = YES;
				GCC_C_LANGUAGE_STANDARD = gnu99;
				GCC_DYNAMIC_NO_PIC = NO;
				GCC_NO_COMMON_BLOCKS = YES;
				GCC_OPTIMIZATION_LEVEL = 0;
				GCC_PREPROCESSOR_DEFINITIONS = (
					"DEBUG=1",
					"$(inherited)",
				);
				GCC_WARN_64_TO_32_BIT_CONVERSION = YES;
				GCC_WARN_ABOUT_RETURN_TYPE = YES_ERROR;
				GCC_WARN_UNDECLARED_SELECTOR = YES;
				GCC_WARN_UNINITIALIZED_AUTOS = YES_AGGRESSIVE;
				GCC_WARN_UNUSED_FUNCTION = YES;
				GCC_WARN_UNUSED_VARIABLE = YES;
				MACOSX_DEPLOYMENT_TARGET = 10.11;
				MTL_ENABLE_DEBUG_INFO = YES;
				ONLY_ACTIVE_ARCH = YES;
				SDKROOT = macosx;
			};
			name = Debug;
		};
		D9BAB5EB1CC0F7D80087BC07 /* Release */ = {
			isa = XCBuildConfiguration;
			buildSettings = {
				ALWAYS_SEARCH_USER_PATHS = NO;
				CLANG_ANALYZER_NONNULL = YES;
				CLANG_CXX_LANGUAGE_STANDARD = "gnu++0x";
				CLANG_CXX_LIBRARY = "libc++";
				CLANG_ENABLE_MODULES = YES;
				CLANG_ENABLE_OBJC_ARC = YES;
				CLANG_WARN_BOOL_CONVERSION = YES;
				CLANG_WARN_CONSTANT_CONVERSION = YES;
				CLANG_WARN_DIRECT_OBJC_ISA_USAGE = YES_ERROR;
				CLANG_WARN_EMPTY_BODY = YES;
				CLANG_WARN_ENUM_CONVERSION = YES;
				CLANG_WARN_INT_CONVERSION = YES;
				CLANG_WARN_OBJC_ROOT_CLASS = YES_ERROR;
				CLANG_WARN_UNREACHABLE_CODE = YES;
				CLANG_WARN__DUPLICATE_METHOD_MATCH = YES;
				CODE_SIGN_IDENTITY = "-";
				COPY_PHASE_STRIP = NO;
				DEBUG_INFORMATION_FORMAT = "dwarf-with-dsym";
				ENABLE_NS_ASSERTIONS = NO;
				ENABLE_STRICT_OBJC_MSGSEND = YES;
				GCC_C_LANGUAGE_STANDARD = gnu99;
				GCC_NO_COMMON_BLOCKS = YES;
				GCC_WARN_64_TO_32_BIT_CONVERSION = YES;
				GCC_WARN_ABOUT_RETURN_TYPE = YES_ERROR;
				GCC_WARN_UNDECLARED_SELECTOR = YES;
				GCC_WARN_UNINITIALIZED_AUTOS = YES_AGGRESSIVE;
				GCC_WARN_UNUSED_FUNCTION = YES;
				GCC_WARN_UNUSED_VARIABLE = YES;
				MACOSX_DEPLOYMENT_TARGET = 10.11;
				MTL_ENABLE_DEBUG_INFO = NO;
				SDKROOT = macosx;
			};
			name = Release;
		};
		D9BAB5ED1CC0F7D80087BC07 /* Debug */ = {
			isa = XCBuildConfiguration;
			buildSettings = {
				ALWAYS_SEARCH_USER_PATHS = YES;
				ASSETCATALOG_COMPILER_APPICON_NAME = AppIcon;
				CODE_SIGN_IDENTITY = "Mac Developer";
				"CODE_SIGN_IDENTITY[sdk=macosx*]" = "Mac Developer";
				COMBINE_HIDPI_IMAGES = YES;
				FRAMEWORK_SEARCH_PATHS = (
					"$(inherited)",
					"$(PROJECT_DIR)/EDDiscovery",
				);
				GCC_PREFIX_HEADER = EDDiscovery/PrefixHeader.pch;
				INFOPLIST_FILE = EDDiscovery/Info.plist;
				LD_RUNPATH_SEARCH_PATHS = "$(inherited) @executable_path/../Frameworks";
				MACOSX_DEPLOYMENT_TARGET = 10.10;
				PRODUCT_BUNDLE_IDENTIFIER = EDDiscovery;
				PRODUCT_NAME = "$(TARGET_NAME)";
				PROVISIONING_PROFILE = "";
			};
			name = Debug;
		};
		D9BAB5EE1CC0F7D80087BC07 /* Release */ = {
			isa = XCBuildConfiguration;
			buildSettings = {
				ALWAYS_SEARCH_USER_PATHS = YES;
				ASSETCATALOG_COMPILER_APPICON_NAME = AppIcon;
				CODE_SIGN_IDENTITY = "Mac Developer";
				"CODE_SIGN_IDENTITY[sdk=macosx*]" = "Mac Developer";
				COMBINE_HIDPI_IMAGES = YES;
				FRAMEWORK_SEARCH_PATHS = (
					"$(inherited)",
					"$(PROJECT_DIR)/EDDiscovery",
				);
				GCC_PREFIX_HEADER = EDDiscovery/PrefixHeader.pch;
				INFOPLIST_FILE = EDDiscovery/Info.plist;
				LD_RUNPATH_SEARCH_PATHS = "$(inherited) @executable_path/../Frameworks";
				MACOSX_DEPLOYMENT_TARGET = 10.10;
				PRODUCT_BUNDLE_IDENTIFIER = EDDiscovery;
				PRODUCT_NAME = "$(TARGET_NAME)";
				PROVISIONING_PROFILE = "";
			};
			name = Release;
		};
/* End XCBuildConfiguration section */

/* Begin XCConfigurationList section */
		D9BAB5D31CC0F7D80087BC07 /* Build configuration list for PBXProject "EDDiscovery" */ = {
			isa = XCConfigurationList;
			buildConfigurations = (
				D9BAB5EA1CC0F7D80087BC07 /* Debug */,
				D9BAB5EB1CC0F7D80087BC07 /* Release */,
			);
			defaultConfigurationIsVisible = 0;
			defaultConfigurationName = Release;
		};
		D9BAB5EC1CC0F7D80087BC07 /* Build configuration list for PBXNativeTarget "EDDiscovery" */ = {
			isa = XCConfigurationList;
			buildConfigurations = (
				D9BAB5ED1CC0F7D80087BC07 /* Debug */,
				D9BAB5EE1CC0F7D80087BC07 /* Release */,
			);
			defaultConfigurationIsVisible = 0;
			defaultConfigurationName = Release;
		};
/* End XCConfigurationList section */

/* Begin XCVersionGroup section */
		D94DE2911CC4EA0E0087BC07 /* EDDiscovery.xcdatamodeld */ = {
			isa = XCVersionGroup;
			children = (
				D9AE9B3A1D1039EB0087BC07 /* EDDiscovery 2.xcdatamodel */,
				D94DE2921CC4EA0E0087BC07 /* EDDiscovery.xcdatamodel */,
			);
			currentVersion = D9AE9B3A1D1039EB0087BC07 /* EDDiscovery 2.xcdatamodel */;
			path = EDDiscovery.xcdatamodeld;
			sourceTree = "<group>";
			versionGroupType = wrapper.xcdatamodel;
		};
/* End XCVersionGroup section */
	};
	rootObject = D9BAB5D01CC0F7D80087BC07 /* Project object */;
}
